# This file is automatically @generated by Cargo.
# It is not intended for manual editing.
version = 4

[[package]]
name = "amj-cli"
version = "0.1.0"
dependencies = [
 "amj-core",
 "amj-policy",
 "amj-runtime",
]

[[package]]
name = "amj-core"
version = "0.1.0"

[[package]]
name = "amj-policy"
version = "0.1.0"
dependencies = [
 "amj-core",
]

[[package]]
name = "amj-runtime"
version = "0.1.0"
dependencies = [
 "amj-core",
]
